// !$*UTF8*$!
{
	archiveVersion = 1;
	classes = {
	};
	objectVersion = 46;
	objects = {

/* Begin PBXBuildFile section */
		1C77A09E5B66506F00000000 /* ViewController.m in Sources */ = {isa = PBXBuildFile; fileRef = B6F9133D5B66506F00000000 /* ViewController.m */; };
		1C77A09E5B66506F00000001 /* ViewController.m in Sources */ = {isa = PBXBuildFile; fileRef = B6F9133D5B66506F00000000 /* ViewController.m */; };
		1C77A09E641EDF3900000000 /* main.m in Sources */ = {isa = PBXBuildFile; fileRef = B6F9133D641EDF3900000000 /* main.m */; };
		1C77A09E641EDF3900000001 /* main.m in Sources */ = {isa = PBXBuildFile; fileRef = B6F9133D641EDF3900000000 /* main.m */; };
		1C77A09EF7194FE100000000 /* AppDelegate.m in Sources */ = {isa = PBXBuildFile; fileRef = B6F9133DF7194FE100000000 /* AppDelegate.m */; };
		1C77A09EF7194FE100000001 /* AppDelegate.m in Sources */ = {isa = PBXBuildFile; fileRef = B6F9133DF7194FE100000000 /* AppDelegate.m */; };
		1C77A09EF9A09CD100000000 /* SceneDelegate.m in Sources */ = {isa = PBXBuildFile; fileRef = B6F9133DF9A09CD100000000 /* SceneDelegate.m */; };
		1C77A09EF9A09CD100000001 /* SceneDelegate.m in Sources */ = {isa = PBXBuildFile; fileRef = B6F9133DF9A09CD100000000 /* SceneDelegate.m */; };
/* End PBXBuildFile section */

/* Begin PBXContainerItemProxy section */
		2CEF39E2EFC6A7CD00000000 /* PBXContainerItemProxy */ = {
			isa = PBXContainerItemProxy;
			containerPortal = 82DD625A4468811F00000000 /* Project object */;
			proxyType = 1;
			remoteGlobalIDString = B98E8A13EFC6A7CC00000000;
		};
/* End PBXContainerItemProxy section */

/* Begin PBXFileReference section */
		B6F9133D051F45B600000000 /* lib_idx_FooLib_682D5E82_ios_min13.2.a */ = {isa = PBXFileReference; explicitFileType = archive.ar; path = lib_idx_FooLib_682D5E82_ios_min13.2.a; sourceTree = BUILT_PRODUCTS_DIR; };
		B6F9133D1350B52200000000 /* FooBzl.app */ = {isa = PBXFileReference; explicitFileType = wrapper.application; path = FooBzl.app; sourceTree = BUILT_PRODUCTS_DIR; };
		B6F9133D35D55D5100000000 /* BUILD */ = {isa = PBXFileReference; lastKnownFileType = text; name = BUILD; path = Foo/BUILD; sourceTree = "<group>"; };
		B6F9133D3901709B00000000 /* SceneDelegate.h */ = {isa = PBXFileReference; lastKnownFileType = sourcecode.c.h; name = SceneDelegate.h; path = Foo/SceneDelegate.h; sourceTree = "<group>"; };
		B6F9133D3F97BBD400000000 /* lib_idx_FooLib_682D5E82_ios_min13.0.a */ = {isa = PBXFileReference; explicitFileType = archive.ar; path = lib_idx_FooLib_682D5E82_ios_min13.0.a; sourceTree = BUILT_PRODUCTS_DIR; };
		B6F9133D50A3998600000000 /* ViewController.h */ = {isa = PBXFileReference; lastKnownFileType = sourcecode.c.h; name = ViewController.h; path = Foo/ViewController.h; sourceTree = "<group>"; };
		B6F9133D5B66506F00000000 /* ViewController.m */ = {isa = PBXFileReference; lastKnownFileType = sourcecode.c.objc; name = ViewController.m; path = Foo/ViewController.m; sourceTree = "<group>"; };
		B6F9133D641EDF3900000000 /* main.m */ = {isa = PBXFileReference; lastKnownFileType = sourcecode.c.objc; name = main.m; path = Foo/main.m; sourceTree = "<group>"; };
		B6F9133D7B8C5F8D00000000 /* Info.plist */ = {isa = PBXFileReference; lastKnownFileType = text.plist; name = Info.plist; path = Foo/Info.plist; sourceTree = "<group>"; };
		B6F9133D7BB813E000000000 /* Assets.xcassets */ = {isa = PBXFileReference; lastKnownFileType = folder.assetcatalog; name = Assets.xcassets; path = Foo/Assets.xcassets; sourceTree = "<group>"; };
		B6F9133D838B3C3300000000 /* Base */ = {isa = PBXFileReference; lastKnownFileType = text; name = Base; path = Foo/Base.lproj/Main.storyboard; sourceTree = "<group>"; };
		B6F9133DB573B1D600000000 /* AppDelegate.h */ = {isa = PBXFileReference; lastKnownFileType = sourcecode.c.h; name = AppDelegate.h; path = Foo/AppDelegate.h; sourceTree = "<group>"; };
		B6F9133DBE455B2900000000 /* Info.plist */ = {isa = PBXFileReference; explicitFileType = text.plist; name = Info.plist; path = "tulsi-workspace/bazel-tulsi-includes/x/x/Foo/FooBzl-intermediates/Info.plist"; sourceTree = "<group>"; };
		B6F9133DC853833200000000 /* Base */ = {isa = PBXFileReference; lastKnownFileType = text; name = Base; path = Foo/Base.lproj/LaunchScreen.storyboard; sourceTree = "<group>"; };
		B6F9133DE3F0370400000000 /* libFoo-FooLib.a */ = {isa = PBXFileReference; explicitFileType = archive.ar; path = "libFoo-FooLib.a"; sourceTree = BUILT_PRODUCTS_DIR; };
		B6F9133DF7194FE100000000 /* AppDelegate.m */ = {isa = PBXFileReference; lastKnownFileType = sourcecode.c.objc; name = AppDelegate.m; path = Foo/AppDelegate.m; sourceTree = "<group>"; };
		B6F9133DF9A09CD100000000 /* SceneDelegate.m */ = {isa = PBXFileReference; lastKnownFileType = sourcecode.c.objc; name = SceneDelegate.m; path = Foo/SceneDelegate.m; sourceTree = "<group>"; };
/* End PBXFileReference section */

/* Begin PBXGroup section */
		4CF4823F322B882200000000 /* Products */ = {
			isa = PBXGroup;
			children = (
				B6F9133D1350B52200000000 /* FooBzl.app */,
				4CF4823FFD2059CA00000000 /* Indexer */,
				4CF4823F3606916400000000 /* bazel-tulsi-includes */,
				B6F9133DE3F0370400000000 /* libFoo-FooLib.a */,
			);
			name = Products;
			sourceTree = "<group>";
		};
		4CF4823F3606916400000000 /* bazel-tulsi-includes */ = {
			isa = PBXGroup;
			children = (
				4CF4823FE6FF4A0E00000000 /* x */,
			);
			name = "bazel-tulsi-includes";
			sourceTree = "<group>";
		};
		4CF4823F4B0BF2F100000000 /* mainGroup */ = {
			isa = PBXGroup;
			children = (
				4CF4823FDFAB0EA000000000 /* Foo */,
				4CF4823F322B882200000000 /* Products */,
			);
			name = mainGroup;
			sourceTree = SOURCE_ROOT;
		};
		4CF4823F6676CBFE00000000 /* FooBzl-intermediates */ = {
			isa = PBXGroup;
			children = (
				B6F9133DBE455B2900000000 /* Info.plist */,
			);
			name = "FooBzl-intermediates";
			sourceTree = "<group>";
		};
		4CF4823FDFAB0EA000000000 /* Foo */ = {
			isa = PBXGroup;
			children = (
				B6F9133DB573B1D600000000 /* AppDelegate.h */,
				B6F9133DF7194FE100000000 /* AppDelegate.m */,
				B6F9133D7BB813E000000000 /* Assets.xcassets */,
				B6F9133D35D55D5100000000 /* BUILD */,
				B6F9133D7B8C5F8D00000000 /* Info.plist */,
				35A23D289279AE9900000000 /* LaunchScreen.storyboard */,
				35A23D28B928500000000000 /* Main.storyboard */,
				B6F9133D3901709B00000000 /* SceneDelegate.h */,
				B6F9133DF9A09CD100000000 /* SceneDelegate.m */,
				B6F9133D50A3998600000000 /* ViewController.h */,
				B6F9133D5B66506F00000000 /* ViewController.m */,
				B6F9133D641EDF3900000000 /* main.m */,
			);
			name = Foo;
			sourceTree = "<group>";
		};
		4CF4823FDFAB0EA000000001 /* Foo */ = {
			isa = PBXGroup;
			children = (
				4CF4823F6676CBFE00000000 /* FooBzl-intermediates */,
			);
			name = Foo;
			sourceTree = "<group>";
		};
		4CF4823FE6FF4A0E00000000 /* x */ = {
			isa = PBXGroup;
			children = (
				4CF4823FE6FF4A0E00000001 /* x */,
			);
			name = x;
			sourceTree = "<group>";
		};
		4CF4823FE6FF4A0E00000001 /* x */ = {
			isa = PBXGroup;
			children = (
				4CF4823FDFAB0EA000000001 /* Foo */,
			);
			name = x;
			sourceTree = "<group>";
		};
		4CF4823FFD2059CA00000000 /* Indexer */ = {
			isa = PBXGroup;
			children = (
				B6F9133D3F97BBD400000000 /* lib_idx_FooLib_682D5E82_ios_min13.0.a */,
				B6F9133D051F45B600000000 /* lib_idx_FooLib_682D5E82_ios_min13.2.a */,
			);
			name = Indexer;
			sourceTree = "<group>";
		};
/* End PBXGroup section */

/* Begin PBXLegacyTarget section */
		B98E8A13EFC6A7CC00000000 /* _bazel_clean_ */ = {
			isa = PBXLegacyTarget;
			buildArgumentsString = "\"/usr/local/bin/bazel\" \"bazel-bin\"";
			buildConfigurationList = 51B1FFCA8A8C067600000000 /* Build configuration list for PBXLegacyTarget "_bazel_clean_" */;
			buildPhases = (
			);
			buildToolPath = "${PROJECT_FILE_PATH}/.tulsi/Scripts/bazel_clean.sh";
			buildWorkingDirectory = "";
			dependencies = (
			);
			name = _bazel_clean_;
			passBuildSettingsInEnvironment = 1;
			productName = _bazel_clean_;
		};
/* End PBXLegacyTarget section */

/* Begin PBXNativeTarget section */
		C1F7F2462ECA914600000000 /* _idx_FooLib_682D5E82_ios_min13.2 */ = {
			isa = PBXNativeTarget;
			buildConfigurationList = 51B1FFCA1B341C8C00000000 /* Build configuration list for PBXNativeTarget "_idx_FooLib_682D5E82_ios_min13.2" */;
			buildPhases = (
				03C7E71A0000000000000001 /* Sources */,
			);
			buildRules = (
			);
			dependencies = (
				2EE8B962EFC6A7CD00000000 /* PBXTargetDependency */,
			);
			name = _idx_FooLib_682D5E82_ios_min13.2;
			productName = _idx_FooLib_682D5E82_ios_min13.2;
			productReference = B6F9133D051F45B600000000 /* lib_idx_FooLib_682D5E82_ios_min13.2.a */;
			productType = "com.apple.product-type.library.static";
		};
		C1F7F2469CA2B06200000000 /* Foo-FooLib */ = {
			isa = PBXNativeTarget;
			buildConfigurationList = 51B1FFCA973B76BB00000000 /* Build configuration list for PBXNativeTarget "Foo-FooLib" */;
			buildPhases = (
				18ABF5AF78A3DCD000000000 /* ShellScript */,
			);
			buildRules = (
			);
			dependencies = (
				2EE8B962EFC6A7CD00000000 /* PBXTargetDependency */,
			);
			name = "Foo-FooLib";
			productName = "Foo-FooLib";
			productReference = B6F9133DE3F0370400000000 /* libFoo-FooLib.a */;
			productType = "com.apple.product-type.library.static";
		};
		C1F7F246B5466DC400000000 /* FooBzl */ = {
			isa = PBXNativeTarget;
			buildConfigurationList = 51B1FFCA79FA645E00000000 /* Build configuration list for PBXNativeTarget "FooBzl" */;
			buildPhases = (
				18ABF5AFEFB93D0D00000000 /* ShellScript */,
			);
			buildRules = (
			);
			dependencies = (
				2EE8B962EFC6A7CD00000000 /* PBXTargetDependency */,
			);
			name = FooBzl;
			productName = FooBzl;
			productReference = B6F9133D1350B52200000000 /* FooBzl.app */;
			productType = "com.apple.product-type.application";
		};
		C1F7F246F54ED1F600000000 /* _idx_FooLib_682D5E82_ios_min13.0 */ = {
			isa = PBXNativeTarget;
			buildConfigurationList = 51B1FFCA2C5FC64900000000 /* Build configuration list for PBXNativeTarget "_idx_FooLib_682D5E82_ios_min13.0" */;
			buildPhases = (
				03C7E71A0000000000000000 /* Sources */,
			);
			buildRules = (
			);
			dependencies = (
				2EE8B962EFC6A7CD00000000 /* PBXTargetDependency */,
			);
			name = _idx_FooLib_682D5E82_ios_min13.0;
			productName = _idx_FooLib_682D5E82_ios_min13.0;
			productReference = B6F9133D3F97BBD400000000 /* lib_idx_FooLib_682D5E82_ios_min13.0.a */;
			productType = "com.apple.product-type.library.static";
		};
/* End PBXNativeTarget section */

/* Begin PBXProject section */
		82DD625A4468811F00000000 /* Project object */ = {
			isa = PBXProject;
			attributes = {
				LastSwiftUpdateCheck = 0710;
				LastUpgradeCheck = 1000;
			};
			buildConfigurationList = 51B1FFCAA90796F900000000 /* Build configuration list for PBXProject "FooBazel" */;
			compatibilityVersion = "Xcode 3.2";
			developmentRegion = English;
			hasScannedForEncodings = 0;
			knownRegions = (
				English,
				en,
				Base,
			);
			mainGroup = 4CF4823F4B0BF2F100000000 /* mainGroup */;
			projectDirPath = "";
			projectRoot = "";
			targets = (
				C1F7F2469CA2B06200000000 /* Foo-FooLib */,
				C1F7F246B5466DC400000000 /* FooBzl */,
				B98E8A13EFC6A7CC00000000 /* _bazel_clean_ */,
				C1F7F246F54ED1F600000000 /* _idx_FooLib_682D5E82_ios_min13.0 */,
				C1F7F2462ECA914600000000 /* _idx_FooLib_682D5E82_ios_min13.2 */,
			);
		};
/* End PBXProject section */

/* Begin PBXShellScriptBuildPhase section */
		18ABF5AF78A3DCD000000000 /* ShellScript */ = {
			isa = PBXShellScriptBuildPhase;
			buildActionMask = 0;
			files = (
			);
			inputPaths = (
				"$(TARGET_BUILD_DIR)/$(INFOPLIST_PATH)",
			);
			outputPaths = (
			);
			runOnlyForDeploymentPostprocessing = 0;
			shellPath = /bin/bash;
			shellScript = "set -e\n\nexec \"${PROJECT_FILE_PATH}/.tulsi/Scripts/bazel_build.py\" //Foo:FooLib --bazel \"/usr/local/bin/bazel\" --bazel_bin_path \"bazel-bin\" --verbose ";
		};
		18ABF5AFEFB93D0D00000000 /* ShellScript */ = {
			isa = PBXShellScriptBuildPhase;
			buildActionMask = 0;
			files = (
			);
			inputPaths = (
				"$(TARGET_BUILD_DIR)/$(INFOPLIST_PATH)",
			);
			outputPaths = (
			);
			runOnlyForDeploymentPostprocessing = 0;
			shellPath = /bin/bash;
			shellScript = "set -e\n\nexec \"${PROJECT_FILE_PATH}/.tulsi/Scripts/bazel_build.py\" //Foo:FooBzl --bazel \"/usr/local/bin/bazel\" --bazel_bin_path \"bazel-bin\" --verbose ";
		};
/* End PBXShellScriptBuildPhase section */

/* Begin PBXSourcesBuildPhase section */
		03C7E71A0000000000000000 /* Sources */ = {
			isa = PBXSourcesBuildPhase;
			buildActionMask = 0;
			files = (
				1C77A09EF7194FE100000000 /* AppDelegate.m in Sources */,
				1C77A09EF9A09CD100000000 /* SceneDelegate.m in Sources */,
				1C77A09E5B66506F00000000 /* ViewController.m in Sources */,
				1C77A09E641EDF3900000000 /* main.m in Sources */,
			);
			runOnlyForDeploymentPostprocessing = 0;
		};
		03C7E71A0000000000000001 /* Sources */ = {
			isa = PBXSourcesBuildPhase;
			buildActionMask = 0;
			files = (
				1C77A09EF7194FE100000001 /* AppDelegate.m in Sources */,
				1C77A09EF9A09CD100000001 /* SceneDelegate.m in Sources */,
				1C77A09E5B66506F00000001 /* ViewController.m in Sources */,
				1C77A09E641EDF3900000001 /* main.m in Sources */,
			);
			runOnlyForDeploymentPostprocessing = 0;
		};
/* End PBXSourcesBuildPhase section */

/* Begin PBXTargetDependency section */
		2EE8B962EFC6A7CD00000000 /* PBXTargetDependency */ = {
			isa = PBXTargetDependency;
			target = B98E8A13EFC6A7CC00000000 /* _bazel_clean_ */;
			targetProxy = 2CEF39E2EFC6A7CD00000000 /* PBXContainerItemProxy */;
		};
/* End PBXTargetDependency section */

/* Begin PBXVariantGroup section */
		35A23D289279AE9900000000 /* LaunchScreen.storyboard */ = {
			isa = PBXVariantGroup;
			children = (
				B6F9133DC853833200000000 /* Base */,
			);
			name = LaunchScreen.storyboard;
			sourceTree = "<group>";
		};
		35A23D28B928500000000000 /* Main.storyboard */ = {
			isa = PBXVariantGroup;
			children = (
				B6F9133D838B3C3300000000 /* Base */,
			);
			name = Main.storyboard;
			sourceTree = "<group>";
		};
/* End PBXVariantGroup section */

/* Begin XCBuildConfiguration section */
		46F234F67CD913BD00000000 /* __TulsiTestRunner_Debug */ = {
			isa = XCBuildConfiguration;
			buildSettings = {
				ALWAYS_SEARCH_USER_PATHS = NO;
				CLANG_CXX_LANGUAGE_STANDARD = "gnu++17";
				CLANG_ENABLE_OBJC_ARC = YES;
				CLANG_WARN_BOOL_CONVERSION = YES;
				CLANG_WARN_CONSTANT_CONVERSION = YES;
				CLANG_WARN_EMPTY_BODY = YES;
				CLANG_WARN_ENUM_CONVERSION = YES;
				CLANG_WARN_INT_CONVERSION = YES;
				CLANG_WARN_UNREACHABLE_CODE = YES;
				CLANG_WARN__DUPLICATE_METHOD_MATCH = YES;
				CODE_SIGNING_REQUIRED = NO;
				CODE_SIGN_IDENTITY = "";
				DONT_RUN_SWIFT_STDLIB_TOOL = YES;
				ENABLE_TESTABILITY = YES;
				FRAMEWORK_SEARCH_PATHS = "";
				GCC_PREPROCESSOR_DEFINITIONS = "DEBUG=1";
				GCC_WARN_64_TO_32_BIT_CONVERSION = YES;
				GCC_WARN_ABOUT_RETURN_TYPE = YES;
				GCC_WARN_UNDECLARED_SELECTOR = YES;
				GCC_WARN_UNINITIALIZED_AUTOS = YES;
				GCC_WARN_UNUSED_FUNCTION = YES;
				GCC_WARN_UNUSED_VARIABLE = YES;
				HEADER_SEARCH_PATHS = "";
				ONLY_ACTIVE_ARCH = YES;
				OTHER_CFLAGS = "--version";
				OTHER_LDFLAGS = "--version";
				OTHER_SWIFT_FLAGS = "--version";
				PYTHONIOENCODING = utf8;
				SDKROOT = iphoneos;
				SWIFT_INSTALL_OBJC_HEADER = NO;
				SWIFT_OBJC_INTERFACE_HEADER_NAME = "$(PRODUCT_NAME).h";
				TULSI_BWRS = "$(PROJECT_FILE_PATH)/.tulsi/tulsi-workspace";
				TULSI_PROJECT = FooBazel;
				TULSI_VERSION = 0.20200819.88;
				TULSI_WR = "$(SRCROOT)";
			};
			name = __TulsiTestRunner_Debug;
		};
		46F234F67CD913BD00000001 /* __TulsiTestRunner_Debug */ = {
			isa = XCBuildConfiguration;
			buildSettings = {
				ASSETCATALOG_COMPILER_LAUNCHIMAGE_NAME = "Stub Launch Image";
				BAZEL_TARGET = "//Foo:FooLib";
				DEBUG_INFORMATION_FORMAT = dwarf;
				FRAMEWORK_SEARCH_PATHS = "";
				GCC_PREPROCESSOR_DEFINITIONS = "DEBUG=1";
				HEADER_SEARCH_PATHS = "";
				INFOPLIST_FILE = "${PROJECT_FILE_PATH}/.tulsi/Resources/StubInfoPlist.plist";
				IPHONEOS_DEPLOYMENT_TARGET = 13.0;
				ONLY_ACTIVE_ARCH = YES;
				OTHER_CFLAGS = "--version";
				OTHER_LDFLAGS = "--version";
				OTHER_SWIFT_FLAGS = "--version";
				PRODUCT_NAME = "Foo-FooLib";
				SDKROOT = iphoneos;
				SWIFT_INSTALL_OBJC_HEADER = NO;
				SWIFT_OBJC_INTERFACE_HEADER_NAME = "$(PRODUCT_NAME).h";
				TULSI_BUILD_PATH = Foo;
				TULSI_XCODE_VERSION = 11.2.1.11B500;
			};
			name = __TulsiTestRunner_Debug;
		};
		46F234F67CD913BD00000002 /* __TulsiTestRunner_Debug */ = {
			isa = XCBuildConfiguration;
			buildSettings = {
				ASSETCATALOG_COMPILER_LAUNCHIMAGE_NAME = "Stub Launch Image";
				BAZEL_TARGET = "//Foo:FooBzl";
				DEBUG_INFORMATION_FORMAT = dwarf;
				FRAMEWORK_SEARCH_PATHS = "";
				GCC_PREPROCESSOR_DEFINITIONS = "DEBUG=1";
				HEADER_SEARCH_PATHS = "";
				INFOPLIST_FILE = "${PROJECT_FILE_PATH}/.tulsi/Resources/StubInfoPlist.plist";
				IPHONEOS_DEPLOYMENT_TARGET = 13.0;
				ONLY_ACTIVE_ARCH = YES;
				OTHER_CFLAGS = "--version";
				OTHER_LDFLAGS = "--version";
				OTHER_SWIFT_FLAGS = "--version";
				PRODUCT_BUNDLE_IDENTIFIER = com.muiz.idn.Foo;
				PRODUCT_NAME = FooBzl;
				SDKROOT = iphoneos;
				SWIFT_INSTALL_OBJC_HEADER = NO;
				SWIFT_OBJC_INTERFACE_HEADER_NAME = "$(PRODUCT_NAME).h";
				TULSI_BUILD_PATH = Foo;
				TULSI_XCODE_VERSION = 11.2.1.11B500;
			};
			name = __TulsiTestRunner_Debug;
		};
		46F234F6D3279BF500000000 /* Debug */ = {
			isa = XCBuildConfiguration;
			buildSettings = {
				ALWAYS_SEARCH_USER_PATHS = NO;
				CLANG_CXX_LANGUAGE_STANDARD = "gnu++17";
				CLANG_ENABLE_OBJC_ARC = YES;
				CLANG_WARN_BOOL_CONVERSION = YES;
				CLANG_WARN_CONSTANT_CONVERSION = YES;
				CLANG_WARN_EMPTY_BODY = YES;
				CLANG_WARN_ENUM_CONVERSION = YES;
				CLANG_WARN_INT_CONVERSION = YES;
				CLANG_WARN_UNREACHABLE_CODE = YES;
				CLANG_WARN__DUPLICATE_METHOD_MATCH = YES;
				CODE_SIGNING_REQUIRED = NO;
				CODE_SIGN_IDENTITY = "";
				DONT_RUN_SWIFT_STDLIB_TOOL = YES;
				ENABLE_TESTABILITY = YES;
				FRAMEWORK_SEARCH_PATHS = "$(PLATFORM_DIR)/Developer/Library/Frameworks";
				GCC_PREPROCESSOR_DEFINITIONS = "DEBUG=1";
				GCC_WARN_64_TO_32_BIT_CONVERSION = YES;
				GCC_WARN_ABOUT_RETURN_TYPE = YES;
				GCC_WARN_UNDECLARED_SELECTOR = YES;
				GCC_WARN_UNINITIALIZED_AUTOS = YES;
				GCC_WARN_UNUSED_FUNCTION = YES;
				GCC_WARN_UNUSED_VARIABLE = YES;
				HEADER_SEARCH_PATHS = (
					"$(TULSI_BWRS)",
					"$(TULSI_WR)/bazel-bin",
					"$(TULSI_WR)/bazel-genfiles",
					"$(TULSI_BWRS)/bazel-tulsi-includes/x/x",
				);
				ONLY_ACTIVE_ARCH = YES;
				PYTHONIOENCODING = utf8;
				SDKROOT = iphoneos;
				TULSI_BWRS = "$(PROJECT_FILE_PATH)/.tulsi/tulsi-workspace";
				TULSI_PROJECT = FooBazel;
				TULSI_VERSION = 0.20200819.88;
				TULSI_WR = "$(SRCROOT)";
			};
			name = Debug;
		};
		46F234F6D3279BF500000001 /* Debug */ = {
			isa = XCBuildConfiguration;
			buildSettings = {
				ASSETCATALOG_COMPILER_LAUNCHIMAGE_NAME = "Stub Launch Image";
				BAZEL_TARGET = "//Foo:FooLib";
				DEBUG_INFORMATION_FORMAT = dwarf;
				GCC_PREPROCESSOR_DEFINITIONS = "DEBUG=1";
				INFOPLIST_FILE = "${PROJECT_FILE_PATH}/.tulsi/Resources/StubInfoPlist.plist";
				IPHONEOS_DEPLOYMENT_TARGET = 13.0;
				PRODUCT_NAME = "Foo-FooLib";
				SDKROOT = iphoneos;
				TULSI_BUILD_PATH = Foo;
				TULSI_XCODE_VERSION = 11.2.1.11B500;
			};
			name = Debug;
		};
		46F234F6D3279BF500000002 /* Debug */ = {
			isa = XCBuildConfiguration;
			buildSettings = {
				ASSETCATALOG_COMPILER_LAUNCHIMAGE_NAME = "Stub Launch Image";
				BAZEL_TARGET = "//Foo:FooBzl";
				DEBUG_INFORMATION_FORMAT = dwarf;
				GCC_PREPROCESSOR_DEFINITIONS = "DEBUG=1";
				INFOPLIST_FILE = "${PROJECT_FILE_PATH}/.tulsi/Resources/StubInfoPlist.plist";
				IPHONEOS_DEPLOYMENT_TARGET = 13.0;
				PRODUCT_BUNDLE_IDENTIFIER = com.muiz.idn.Foo;
				PRODUCT_NAME = FooBzl;
				SDKROOT = iphoneos;
				TULSI_BUILD_PATH = Foo;
				TULSI_XCODE_VERSION = 11.2.1.11B500;
			};
			name = Debug;
		};
		46F234F6D3279BF500000003 /* Debug */ = {
			isa = XCBuildConfiguration;
			buildSettings = {
				GCC_PREPROCESSOR_DEFINITIONS = "DEBUG=1";
				HEADER_SEARCH_PATHS = (
					"$(inherited)",
					"$(TULSI_WR)/.",
					"$(TULSI_BWRS)/bazel-tulsi-includes/x/x/",
				);
				IPHONEOS_DEPLOYMENT_TARGET = 13.0;
				OTHER_CFLAGS = (
					"-D_FORTIFY_SOURCE=1",
					"-D__DATE__=\"redacted\"",
					"-D__TIMESTAMP__=\"redacted\"",
					"-D__TIME__=\"redacted\"",
				);
				PRODUCT_NAME = _idx_FooLib_682D5E82_ios_min13.0;
				SDKROOT = iphoneos;
				USER_HEADER_SEARCH_PATHS = "$(TULSI_WR)";
			};
			name = Debug;
		};
		46F234F6D3279BF500000004 /* Debug */ = {
			isa = XCBuildConfiguration;
			buildSettings = {
				GCC_PREPROCESSOR_DEFINITIONS = "DEBUG=1";
				HEADER_SEARCH_PATHS = (
					"$(inherited)",
					"$(TULSI_WR)/.",
					"$(TULSI_BWRS)/bazel-tulsi-includes/x/x/",
				);
				IPHONEOS_DEPLOYMENT_TARGET = 13.2;
				OTHER_CFLAGS = (
					"-D_FORTIFY_SOURCE=1",
					"-D__DATE__=\"redacted\"",
					"-D__TIMESTAMP__=\"redacted\"",
					"-D__TIME__=\"redacted\"",
				);
				PRODUCT_NAME = _idx_FooLib_682D5E82_ios_min13.2;
				SDKROOT = iphoneos;
				USER_HEADER_SEARCH_PATHS = "$(TULSI_WR)";
			};
			name = Debug;
		};
		46F234F6E121BEB900000000 /* Release */ = {
			isa = XCBuildConfiguration;
			buildSettings = {
				ALWAYS_SEARCH_USER_PATHS = NO;
				CLANG_CXX_LANGUAGE_STANDARD = "gnu++17";
				CLANG_ENABLE_OBJC_ARC = YES;
				CLANG_WARN_BOOL_CONVERSION = YES;
				CLANG_WARN_CONSTANT_CONVERSION = YES;
				CLANG_WARN_EMPTY_BODY = YES;
				CLANG_WARN_ENUM_CONVERSION = YES;
				CLANG_WARN_INT_CONVERSION = YES;
				CLANG_WARN_UNREACHABLE_CODE = YES;
				CLANG_WARN__DUPLICATE_METHOD_MATCH = YES;
				CODE_SIGNING_REQUIRED = NO;
				CODE_SIGN_IDENTITY = "";
				DONT_RUN_SWIFT_STDLIB_TOOL = YES;
				ENABLE_TESTABILITY = YES;
				FRAMEWORK_SEARCH_PATHS = "$(PLATFORM_DIR)/Developer/Library/Frameworks";
				GCC_PREPROCESSOR_DEFINITIONS = "NDEBUG=1";
				GCC_WARN_64_TO_32_BIT_CONVERSION = YES;
				GCC_WARN_ABOUT_RETURN_TYPE = YES;
				GCC_WARN_UNDECLARED_SELECTOR = YES;
				GCC_WARN_UNINITIALIZED_AUTOS = YES;
				GCC_WARN_UNUSED_FUNCTION = YES;
				GCC_WARN_UNUSED_VARIABLE = YES;
				HEADER_SEARCH_PATHS = (
					"$(TULSI_BWRS)",
					"$(TULSI_WR)/bazel-bin",
					"$(TULSI_WR)/bazel-genfiles",
					"$(TULSI_BWRS)/bazel-tulsi-includes/x/x",
				);
				ONLY_ACTIVE_ARCH = YES;
				PYTHONIOENCODING = utf8;
				SDKROOT = iphoneos;
				TULSI_BWRS = "$(PROJECT_FILE_PATH)/.tulsi/tulsi-workspace";
				TULSI_PROJECT = FooBazel;
				TULSI_VERSION = 0.20200819.88;
				TULSI_WR = "$(SRCROOT)";
			};
			name = Release;
		};
		46F234F6E121BEB900000001 /* Release */ = {
			isa = XCBuildConfiguration;
			buildSettings = {
				ASSETCATALOG_COMPILER_LAUNCHIMAGE_NAME = "Stub Launch Image";
				BAZEL_TARGET = "//Foo:FooLib";
				DEBUG_INFORMATION_FORMAT = dwarf;
				GCC_PREPROCESSOR_DEFINITIONS = "NDEBUG=1";
				INFOPLIST_FILE = "${PROJECT_FILE_PATH}/.tulsi/Resources/StubInfoPlist.plist";
				IPHONEOS_DEPLOYMENT_TARGET = 13.0;
				PRODUCT_NAME = "Foo-FooLib";
				SDKROOT = iphoneos;
				TULSI_BUILD_PATH = Foo;
				TULSI_XCODE_VERSION = 11.2.1.11B500;
			};
			name = Release;
		};
		46F234F6E121BEB900000002 /* Release */ = {
			isa = XCBuildConfiguration;
			buildSettings = {
				ASSETCATALOG_COMPILER_LAUNCHIMAGE_NAME = "Stub Launch Image";
				BAZEL_TARGET = "//Foo:FooBzl";
				DEBUG_INFORMATION_FORMAT = dwarf;
				GCC_PREPROCESSOR_DEFINITIONS = "NDEBUG=1";
				INFOPLIST_FILE = "${PROJECT_FILE_PATH}/.tulsi/Resources/StubInfoPlist.plist";
				IPHONEOS_DEPLOYMENT_TARGET = 13.0;
				PRODUCT_BUNDLE_IDENTIFIER = com.muiz.idn.Foo;
				PRODUCT_NAME = FooBzl;
				SDKROOT = iphoneos;
				TULSI_BUILD_PATH = Foo;
				TULSI_XCODE_VERSION = 11.2.1.11B500;
			};
			name = Release;
		};
		46F234F6E121BEB900000003 /* Release */ = {
			isa = XCBuildConfiguration;
			buildSettings = {
				GCC_PREPROCESSOR_DEFINITIONS = "NDEBUG=1";
				HEADER_SEARCH_PATHS = (
					"$(inherited)",
					"$(TULSI_WR)/.",
					"$(TULSI_BWRS)/bazel-tulsi-includes/x/x/",
				);
				IPHONEOS_DEPLOYMENT_TARGET = 13.0;
				OTHER_CFLAGS = (
					"-D_FORTIFY_SOURCE=1",
					"-D__DATE__=\"redacted\"",
					"-D__TIMESTAMP__=\"redacted\"",
					"-D__TIME__=\"redacted\"",
				);
				PRODUCT_NAME = _idx_FooLib_682D5E82_ios_min13.0;
				SDKROOT = iphoneos;
				USER_HEADER_SEARCH_PATHS = "$(TULSI_WR)";
			};
			name = Release;
		};
		46F234F6E121BEB900000004 /* Release */ = {
			isa = XCBuildConfiguration;
			buildSettings = {
				GCC_PREPROCESSOR_DEFINITIONS = "NDEBUG=1";
				HEADER_SEARCH_PATHS = (
					"$(inherited)",
					"$(TULSI_WR)/.",
					"$(TULSI_BWRS)/bazel-tulsi-includes/x/x/",
				);
				IPHONEOS_DEPLOYMENT_TARGET = 13.2;
				OTHER_CFLAGS = (
					"-D_FORTIFY_SOURCE=1",
					"-D__DATE__=\"redacted\"",
					"-D__TIMESTAMP__=\"redacted\"",
					"-D__TIME__=\"redacted\"",
				);
				PRODUCT_NAME = _idx_FooLib_682D5E82_ios_min13.2;
				SDKROOT = iphoneos;
				USER_HEADER_SEARCH_PATHS = "$(TULSI_WR)";
			};
			name = Release;
		};
		46F234F6F282EEE400000000 /* __TulsiTestRunner_Release */ = {
			isa = XCBuildConfiguration;
			buildSettings = {
				ALWAYS_SEARCH_USER_PATHS = NO;
				CLANG_CXX_LANGUAGE_STANDARD = "gnu++17";
				CLANG_ENABLE_OBJC_ARC = YES;
				CLANG_WARN_BOOL_CONVERSION = YES;
				CLANG_WARN_CONSTANT_CONVERSION = YES;
				CLANG_WARN_EMPTY_BODY = YES;
				CLANG_WARN_ENUM_CONVERSION = YES;
				CLANG_WARN_INT_CONVERSION = YES;
				CLANG_WARN_UNREACHABLE_CODE = YES;
				CLANG_WARN__DUPLICATE_METHOD_MATCH = YES;
				CODE_SIGNING_REQUIRED = NO;
				CODE_SIGN_IDENTITY = "";
				DONT_RUN_SWIFT_STDLIB_TOOL = YES;
				ENABLE_TESTABILITY = YES;
				FRAMEWORK_SEARCH_PATHS = "";
				GCC_PREPROCESSOR_DEFINITIONS = "NDEBUG=1";
				GCC_WARN_64_TO_32_BIT_CONVERSION = YES;
				GCC_WARN_ABOUT_RETURN_TYPE = YES;
				GCC_WARN_UNDECLARED_SELECTOR = YES;
				GCC_WARN_UNINITIALIZED_AUTOS = YES;
				GCC_WARN_UNUSED_FUNCTION = YES;
				GCC_WARN_UNUSED_VARIABLE = YES;
				HEADER_SEARCH_PATHS = "";
				ONLY_ACTIVE_ARCH = YES;
				OTHER_CFLAGS = "--version";
				OTHER_LDFLAGS = "--version";
				OTHER_SWIFT_FLAGS = "--version";
				PYTHONIOENCODING = utf8;
				SDKROOT = iphoneos;
				SWIFT_INSTALL_OBJC_HEADER = NO;
				SWIFT_OBJC_INTERFACE_HEADER_NAME = "$(PRODUCT_NAME).h";
				TULSI_BWRS = "$(PROJECT_FILE_PATH)/.tulsi/tulsi-workspace";
				TULSI_PROJECT = FooBazel;
				TULSI_VERSION = 0.20200819.88;
				TULSI_WR = "$(SRCROOT)";
			};
			name = __TulsiTestRunner_Release;
		};
		46F234F6F282EEE400000001 /* __TulsiTestRunner_Release */ = {
			isa = XCBuildConfiguration;
			buildSettings = {
				ASSETCATALOG_COMPILER_LAUNCHIMAGE_NAME = "Stub Launch Image";
				BAZEL_TARGET = "//Foo:FooLib";
				DEBUG_INFORMATION_FORMAT = dwarf;
				FRAMEWORK_SEARCH_PATHS = "";
				GCC_PREPROCESSOR_DEFINITIONS = "NDEBUG=1";
				HEADER_SEARCH_PATHS = "";
				INFOPLIST_FILE = "${PROJECT_FILE_PATH}/.tulsi/Resources/StubInfoPlist.plist";
				IPHONEOS_DEPLOYMENT_TARGET = 13.0;
				ONLY_ACTIVE_ARCH = YES;
				OTHER_CFLAGS = "--version";
				OTHER_LDFLAGS = "--version";
				OTHER_SWIFT_FLAGS = "--version";
				PRODUCT_NAME = "Foo-FooLib";
				SDKROOT = iphoneos;
				SWIFT_INSTALL_OBJC_HEADER = NO;
				SWIFT_OBJC_INTERFACE_HEADER_NAME = "$(PRODUCT_NAME).h";
				TULSI_BUILD_PATH = Foo;
				TULSI_XCODE_VERSION = 11.2.1.11B500;
			};
			name = __TulsiTestRunner_Release;
		};
		46F234F6F282EEE400000002 /* __TulsiTestRunner_Release */ = {
			isa = XCBuildConfiguration;
			buildSettings = {
				ASSETCATALOG_COMPILER_LAUNCHIMAGE_NAME = "Stub Launch Image";
				BAZEL_TARGET = "//Foo:FooBzl";
				DEBUG_INFORMATION_FORMAT = dwarf;
				FRAMEWORK_SEARCH_PATHS = "";
				GCC_PREPROCESSOR_DEFINITIONS = "NDEBUG=1";
				HEADER_SEARCH_PATHS = "";
				INFOPLIST_FILE = "${PROJECT_FILE_PATH}/.tulsi/Resources/StubInfoPlist.plist";
				IPHONEOS_DEPLOYMENT_TARGET = 13.0;
				ONLY_ACTIVE_ARCH = YES;
				OTHER_CFLAGS = "--version";
				OTHER_LDFLAGS = "--version";
				OTHER_SWIFT_FLAGS = "--version";
				PRODUCT_BUNDLE_IDENTIFIER = com.muiz.idn.Foo;
				PRODUCT_NAME = FooBzl;
				SDKROOT = iphoneos;
				SWIFT_INSTALL_OBJC_HEADER = NO;
				SWIFT_OBJC_INTERFACE_HEADER_NAME = "$(PRODUCT_NAME).h";
				TULSI_BUILD_PATH = Foo;
				TULSI_XCODE_VERSION = 11.2.1.11B500;
			};
			name = __TulsiTestRunner_Release;
		};
		A75BFAE1257CFB0C0030FDCD /* Debug */ = {
			isa = XCBuildConfiguration;
			buildSettings = {
				COPY_PHASE_STRIP = NO;
				GCC_DYNAMIC_NO_PIC = NO;
				GCC_OPTIMIZATION_LEVEL = 0;
				PRODUCT_NAME = _bazel_clean_;
			};
			name = Debug;
		};
		A75BFAE2257CFB0C0030FDCD /* Release */ = {
			isa = XCBuildConfiguration;
			buildSettings = {
				COPY_PHASE_STRIP = YES;
				DEBUG_INFORMATION_FORMAT = "dwarf-with-dsym";
				PRODUCT_NAME = _bazel_clean_;
			};
			name = Release;
		};
		A75BFAE3257CFB0C0030FDCD /* __TulsiTestRunner_Debug */ = {
			isa = XCBuildConfiguration;
			buildSettings = {
				PRODUCT_NAME = _bazel_clean_;
			};
			name = __TulsiTestRunner_Debug;
		};
		A75BFAE4257CFB0C0030FDCD /* __TulsiTestRunner_Release */ = {
			isa = XCBuildConfiguration;
			buildSettings = {
				PRODUCT_NAME = _bazel_clean_;
			};
			name = __TulsiTestRunner_Release;
		};
		A75BFAE5257CFB0C0030FDCD /* __TulsiTestRunner_Debug */ = {
			isa = XCBuildConfiguration;
			buildSettings = {
				PRODUCT_NAME = _idx_FooLib_682D5E82_ios_min13.0;
			};
			name = __TulsiTestRunner_Debug;
		};
		A75BFAE6257CFB0C0030FDCD /* __TulsiTestRunner_Release */ = {
			isa = XCBuildConfiguration;
			buildSettings = {
				PRODUCT_NAME = _idx_FooLib_682D5E82_ios_min13.0;
			};
			name = __TulsiTestRunner_Release;
		};
		A75BFAE7257CFB0C0030FDCD /* __TulsiTestRunner_Debug */ = {
			isa = XCBuildConfiguration;
			buildSettings = {
				PRODUCT_NAME = _idx_FooLib_682D5E82_ios_min13.2;
			};
			name = __TulsiTestRunner_Debug;
		};
		A75BFAE8257CFB0C0030FDCD /* __TulsiTestRunner_Release */ = {
			isa = XCBuildConfiguration;
			buildSettings = {
				PRODUCT_NAME = _idx_FooLib_682D5E82_ios_min13.2;
			};
			name = __TulsiTestRunner_Release;
		};
/* End XCBuildConfiguration section */

/* Begin XCConfigurationList section */
		51B1FFCA1B341C8C00000000 /* Build configuration list for PBXNativeTarget "_idx_FooLib_682D5E82_ios_min13.2" */ = {
			isa = XCConfigurationList;
			buildConfigurations = (
				46F234F6D3279BF500000004 /* Debug */,
				46F234F6E121BEB900000004 /* Release */,
				A75BFAE7257CFB0C0030FDCD /* __TulsiTestRunner_Debug */,
				A75BFAE8257CFB0C0030FDCD /* __TulsiTestRunner_Release */,
			);
			defaultConfigurationIsVisible = 0;
			defaultConfigurationName = Release;
		};
		51B1FFCA2C5FC64900000000 /* Build configuration list for PBXNativeTarget "_idx_FooLib_682D5E82_ios_min13.0" */ = {
			isa = XCConfigurationList;
			buildConfigurations = (
				46F234F6D3279BF500000003 /* Debug */,
				46F234F6E121BEB900000003 /* Release */,
				A75BFAE5257CFB0C0030FDCD /* __TulsiTestRunner_Debug */,
				A75BFAE6257CFB0C0030FDCD /* __TulsiTestRunner_Release */,
			);
			defaultConfigurationIsVisible = 0;
			defaultConfigurationName = Release;
		};
		51B1FFCA79FA645E00000000 /* Build configuration list for PBXNativeTarget "FooBzl" */ = {
			isa = XCConfigurationList;
			buildConfigurations = (
				46F234F6D3279BF500000002 /* Debug */,
				46F234F6E121BEB900000002 /* Release */,
				46F234F67CD913BD00000002 /* __TulsiTestRunner_Debug */,
				46F234F6F282EEE400000002 /* __TulsiTestRunner_Release */,
			);
			defaultConfigurationIsVisible = 0;
			defaultConfigurationName = Release;
		};
		51B1FFCA8A8C067600000000 /* Build configuration list for PBXLegacyTarget "_bazel_clean_" */ = {
			isa = XCConfigurationList;
			buildConfigurations = (
				A75BFAE1257CFB0C0030FDCD /* Debug */,
				A75BFAE2257CFB0C0030FDCD /* Release */,
				A75BFAE3257CFB0C0030FDCD /* __TulsiTestRunner_Debug */,
				A75BFAE4257CFB0C0030FDCD /* __TulsiTestRunner_Release */,
			);
			defaultConfigurationIsVisible = 0;
			defaultConfigurationName = Release;
		};
		51B1FFCA973B76BB00000000 /* Build configuration list for PBXNativeTarget "Foo-FooLib" */ = {
			isa = XCConfigurationList;
			buildConfigurations = (
				46F234F6D3279BF500000001 /* Debug */,
				46F234F6E121BEB900000001 /* Release */,
				46F234F67CD913BD00000001 /* __TulsiTestRunner_Debug */,
				46F234F6F282EEE400000001 /* __TulsiTestRunner_Release */,
			);
			defaultConfigurationIsVisible = 0;
			defaultConfigurationName = Release;
		};
		51B1FFCAA90796F900000000 /* Build configuration list for PBXProject "FooBazel" */ = {
			isa = XCConfigurationList;
			buildConfigurations = (
				46F234F6D3279BF500000000 /* Debug */,
				46F234F6E121BEB900000000 /* Release */,
				46F234F67CD913BD00000000 /* __TulsiTestRunner_Debug */,
				46F234F6F282EEE400000000 /* __TulsiTestRunner_Release */,
			);
			defaultConfigurationIsVisible = 0;
			defaultConfigurationName = Release;
		};
/* End XCConfigurationList section */
	};
	rootObject = 82DD625A4468811F00000000 /* Project object */;
}
