
<Scheme LastUpgradeVersion="1000" version="1.3">
    <BuildAction buildImplicitDependencies="YES" parallelizeBuildables="YES">
        <BuildActionEntries>
            <BuildActionEntry buildForTesting="YES" buildForRunning="YES" buildForProfiling="YES" buildForArchiving="YES" buildForAnalyzing="YES">
                <BuildableReference ReferencedContainer="container:FooBazel.xcodeproj" BlueprintIdentifier="5CECA4C1E460812000000000" BuildableIdentifier="primary" BuildableName="FooBzl.app" BlueprintName="FooBzl"></BuildableReference>
            </BuildActionEntry>
        </BuildActionEntries>
    </BuildAction>
    <TestAction buildConfiguration="__TulsiTestRunner_Debug" shouldUseLaunchSchemeArgsEnv="YES" selectedLauncherIdentifier="Xcode.DebuggerFoundation.Launcher.LLDB" selectedDebuggerIdentifier="Xcode.DebuggerFoundation.Debugger.LLDB">
        <Testables></Testables>
        <BuildableProductRunnable runnableDebuggingMode="0">
            <BuildableReference BlueprintIdentifier="5CECA4C1E460812000000000" ReferencedContainer="container:FooBazel.xcodeproj" BlueprintName="FooBzl" BuildableIdentifier="primary" BuildableName="FooBzl.app"></BuildableReference>
        </BuildableProductRunnable>
    </TestAction>
    <LaunchAction buildConfiguration="Debug" allowLocationSimulation="YES" useCustomWorkingDirectory="NO" ignoresPersistentStateOnLaunch="NO" debugServiceExtension="internal" debugDocumentVersioning="YES" selectedDebuggerIdentifier="Xcode.DebuggerFoundation.Debugger.LLDB" selectedLauncherIdentifier="Xcode.DebuggerFoundation.Launcher.LLDB" launchStyle="0">
        <EnvironmentVariables></EnvironmentVariables>
        <BuildableProductRunnable runnableDebuggingMode="0">
            <BuildableReference BlueprintName="FooBzl" BlueprintIdentifier="5CECA4C1E460812000000000" BuildableIdentifier="primary" BuildableName="FooBzl.app" ReferencedContainer="container:FooBazel.xcodeproj"></BuildableReference>
        </BuildableProductRunnable>
    </LaunchAction>
    <ProfileAction useCustomWorkingDirectory="NO" buildConfiguration="__TulsiTestRunner_Release" debugDocumentVersioning="YES" shouldUseLaunchSchemeArgsEnv="YES">
        <BuildableProductRunnable runnableDebuggingMode="0">
            <BuildableReference BlueprintName="FooBzl" BlueprintIdentifier="5CECA4C1E460812000000000" BuildableIdentifier="primary" ReferencedContainer="container:FooBazel.xcodeproj" BuildableName="FooBzl.app"></BuildableReference>
        </BuildableProductRunnable>
    </ProfileAction>
    <AnalyzeAction buildConfiguration="Debug"></AnalyzeAction>
    <ArchiveAction revealArchiveInOrganizer="YES" buildConfiguration="Release"></ArchiveAction>
</Scheme>