
<Scheme version="1.3" LastUpgradeVersion="1000">
    <BuildAction buildImplicitDependencies="YES" parallelizeBuildables="YES">
        <BuildActionEntries>
            <BuildActionEntry buildForRunning="YES" buildForProfiling="YES" buildForArchiving="YES" buildForAnalyzing="YES" buildForTesting="YES">
                <BuildableReference BuildableIdentifier="primary" BlueprintIdentifier="A7D2BDA48E117EEA00000000" ReferencedContainer="container:FooBazel.xcodeproj" BlueprintName="ModuleObjcFramework" BuildableName="ModuleObjcFramework.framework"></BuildableReference>
            </BuildActionEntry>
        </BuildActionEntries>
    </BuildAction>
    <TestAction selectedDebuggerIdentifier="Xcode.DebuggerFoundation.Debugger.LLDB" shouldUseLaunchSchemeArgsEnv="YES" buildConfiguration="__TulsiTestRunner_Debug" selectedLauncherIdentifier="Xcode.DebuggerFoundation.Launcher.LLDB">
        <Testables></Testables>
        <BuildableProductRunnable runnableDebuggingMode="0">
            <BuildableReference BlueprintIdentifier="A7D2BDA48E117EEA00000000" BlueprintName="ModuleObjcFramework" BuildableIdentifier="primary" BuildableName="ModuleObjcFramework.framework" ReferencedContainer="container:FooBazel.xcodeproj"></BuildableReference>
        </BuildableProductRunnable>
    </TestAction>
    <LaunchAction selectedDebuggerIdentifier="Xcode.DebuggerFoundation.Debugger.LLDB" debugServiceExtension="internal" useCustomWorkingDirectory="NO" ignoresPersistentStateOnLaunch="NO" allowLocationSimulation="YES" debugDocumentVersioning="YES" selectedLauncherIdentifier="Xcode.DebuggerFoundation.Launcher.LLDB" buildConfiguration="Debug" launchStyle="0">
        <EnvironmentVariables></EnvironmentVariables>
        <BuildableProductRunnable runnableDebuggingMode="0">
            <BuildableReference BuildableIdentifier="primary" ReferencedContainer="container:FooBazel.xcodeproj" BuildableName="ModuleObjcFramework.framework" BlueprintIdentifier="A7D2BDA48E117EEA00000000" BlueprintName="ModuleObjcFramework"></BuildableReference>
        </BuildableProductRunnable>
    </LaunchAction>
    <ProfileAction debugDocumentVersioning="YES" useCustomWorkingDirectory="NO" buildConfiguration="__TulsiTestRunner_Release" shouldUseLaunchSchemeArgsEnv="YES">
        <BuildableProductRunnable runnableDebuggingMode="0">
            <BuildableReference ReferencedContainer="container:FooBazel.xcodeproj" BlueprintName="ModuleObjcFramework" BlueprintIdentifier="A7D2BDA48E117EEA00000000" BuildableName="ModuleObjcFramework.framework" BuildableIdentifier="primary"></BuildableReference>
        </BuildableProductRunnable>
    </ProfileAction>
    <AnalyzeAction buildConfiguration="Debug"></AnalyzeAction>
    <ArchiveAction buildConfiguration="Release" revealArchiveInOrganizer="YES"></ArchiveAction>
</Scheme>