
<Scheme version="1.3" LastUpgradeVersion="1000">
    <BuildAction buildImplicitDependencies="YES" parallelizeBuildables="YES">
        <BuildActionEntries>
            <BuildActionEntry buildForAnalyzing="YES" buildForTesting="YES" buildForProfiling="YES" buildForRunning="YES" buildForArchiving="YES">
                <BuildableReference BuildableName="libModuleObjcFramework-ModuleObjcFrameworkLib.a" BuildableIdentifier="primary" BlueprintName="ModuleObjcFramework-ModuleObjcFrameworkLib" BlueprintIdentifier="A7D2BDA402554DB800000000" ReferencedContainer="container:FooBazel.xcodeproj"></BuildableReference>
            </BuildActionEntry>
        </BuildActionEntries>
    </BuildAction>
    <TestAction buildConfiguration="__TulsiTestRunner_Debug" selectedLauncherIdentifier="Xcode.DebuggerFoundation.Launcher.LLDB" selectedDebuggerIdentifier="Xcode.DebuggerFoundation.Debugger.LLDB" shouldUseLaunchSchemeArgsEnv="YES">
        <Testables></Testables>
        <BuildableProductRunnable runnableDebuggingMode="0">
            <BuildableReference BlueprintIdentifier="A7D2BDA402554DB800000000" BuildableName="libModuleObjcFramework-ModuleObjcFrameworkLib.a" BuildableIdentifier="primary" BlueprintName="ModuleObjcFramework-ModuleObjcFrameworkLib" ReferencedContainer="container:FooBazel.xcodeproj"></BuildableReference>
        </BuildableProductRunnable>
    </TestAction>
    <LaunchAction debugServiceExtension="internal" debugDocumentVersioning="YES" allowLocationSimulation="YES" launchStyle="0" ignoresPersistentStateOnLaunch="NO" useCustomWorkingDirectory="NO" buildConfiguration="Debug" selectedLauncherIdentifier="Xcode.DebuggerFoundation.Launcher.LLDB" selectedDebuggerIdentifier="Xcode.DebuggerFoundation.Debugger.LLDB">
        <EnvironmentVariables></EnvironmentVariables>
        <MacroExpansion>
            <BuildableReference BlueprintName="ModuleObjcFramework-ModuleObjcFrameworkLib" BuildableName="libModuleObjcFramework-ModuleObjcFrameworkLib.a" BuildableIdentifier="primary" ReferencedContainer="container:FooBazel.xcodeproj" BlueprintIdentifier="A7D2BDA402554DB800000000"></BuildableReference>
        </MacroExpansion>
    </LaunchAction>
    <ProfileAction debugDocumentVersioning="YES" shouldUseLaunchSchemeArgsEnv="YES" buildConfiguration="__TulsiTestRunner_Release" useCustomWorkingDirectory="NO">
        <MacroExpansion>
            <BuildableReference BlueprintIdentifier="A7D2BDA402554DB800000000" BuildableName="libModuleObjcFramework-ModuleObjcFrameworkLib.a" ReferencedContainer="container:FooBazel.xcodeproj" BlueprintName="ModuleObjcFramework-ModuleObjcFrameworkLib" BuildableIdentifier="primary"></BuildableReference>
        </MacroExpansion>
    </ProfileAction>
    <AnalyzeAction buildConfiguration="Debug"></AnalyzeAction>
    <ArchiveAction buildConfiguration="Release" revealArchiveInOrganizer="YES"></ArchiveAction>
</Scheme>