
<Scheme version="1.3" LastUpgradeVersion="1000">
    <BuildAction parallelizeBuildables="YES" buildImplicitDependencies="YES">
        <BuildActionEntries>
            <BuildActionEntry buildForRunning="YES" buildForArchiving="YES" buildForTesting="YES" buildForAnalyzing="YES" buildForProfiling="YES">
                <BuildableReference BuildableIdentifier="primary" BlueprintName="SwiftFramework" ReferencedContainer="container:FooBazel.xcodeproj" BlueprintIdentifier="A7D2BDA488A043AC00000000" BuildableName="SwiftFramework.framework"></BuildableReference>
            </BuildActionEntry>
        </BuildActionEntries>
    </BuildAction>
    <TestAction buildConfiguration="__TulsiTestRunner_Debug" selectedDebuggerIdentifier="Xcode.DebuggerFoundation.Debugger.LLDB" shouldUseLaunchSchemeArgsEnv="YES" selectedLauncherIdentifier="Xcode.DebuggerFoundation.Launcher.LLDB">
        <Testables></Testables>
        <BuildableProductRunnable runnableDebuggingMode="0">
            <BuildableReference BuildableIdentifier="primary" BlueprintName="SwiftFramework" BuildableName="SwiftFramework.framework" ReferencedContainer="container:FooBazel.xcodeproj" BlueprintIdentifier="A7D2BDA488A043AC00000000"></BuildableReference>
        </BuildableProductRunnable>
    </TestAction>
    <LaunchAction allowLocationSimulation="YES" launchStyle="0" selectedDebuggerIdentifier="Xcode.DebuggerFoundation.Debugger.LLDB" buildConfiguration="Debug" useCustomWorkingDirectory="NO" selectedLauncherIdentifier="Xcode.DebuggerFoundation.Launcher.LLDB" ignoresPersistentStateOnLaunch="NO" debugServiceExtension="internal" debugDocumentVersioning="YES">
        <EnvironmentVariables></EnvironmentVariables>
        <BuildableProductRunnable runnableDebuggingMode="0">
            <BuildableReference BuildableName="SwiftFramework.framework" BlueprintIdentifier="A7D2BDA488A043AC00000000" BlueprintName="SwiftFramework" ReferencedContainer="container:FooBazel.xcodeproj" BuildableIdentifier="primary"></BuildableReference>
        </BuildableProductRunnable>
    </LaunchAction>
    <ProfileAction debugDocumentVersioning="YES" useCustomWorkingDirectory="NO" buildConfiguration="__TulsiTestRunner_Release" shouldUseLaunchSchemeArgsEnv="YES">
        <BuildableProductRunnable runnableDebuggingMode="0">
            <BuildableReference BlueprintName="SwiftFramework" ReferencedContainer="container:FooBazel.xcodeproj" BuildableName="SwiftFramework.framework" BuildableIdentifier="primary" BlueprintIdentifier="A7D2BDA488A043AC00000000"></BuildableReference>
        </BuildableProductRunnable>
    </ProfileAction>
    <AnalyzeAction buildConfiguration="Debug"></AnalyzeAction>
    <ArchiveAction buildConfiguration="Release" revealArchiveInOrganizer="YES"></ArchiveAction>
</Scheme>