
<Scheme version="1.3" LastUpgradeVersion="1000">
    <BuildAction buildImplicitDependencies="YES" parallelizeBuildables="YES">
        <BuildActionEntries>
            <BuildActionEntry buildForTesting="YES" buildForAnalyzing="YES" buildForProfiling="YES" buildForArchiving="YES" buildForRunning="YES">
                <BuildableReference BlueprintIdentifier="5CECA4C16310286C00000000" BuildableIdentifier="primary" BuildableName="libwiftFramework-SwiftFrameworkLib.a" BlueprintName="wiftFramework-SwiftFrameworkLib" ReferencedContainer="container:FooBazel.xcodeproj"></BuildableReference>
            </BuildActionEntry>
        </BuildActionEntries>
    </BuildAction>
    <TestAction selectedDebuggerIdentifier="Xcode.DebuggerFoundation.Debugger.LLDB" buildConfiguration="__TulsiTestRunner_Debug" shouldUseLaunchSchemeArgsEnv="YES" selectedLauncherIdentifier="Xcode.DebuggerFoundation.Launcher.LLDB">
        <Testables></Testables>
        <BuildableProductRunnable runnableDebuggingMode="0">
            <BuildableReference BuildableName="libwiftFramework-SwiftFrameworkLib.a" BlueprintName="wiftFramework-SwiftFrameworkLib" BuildableIdentifier="primary" BlueprintIdentifier="5CECA4C16310286C00000000" ReferencedContainer="container:FooBazel.xcodeproj"></BuildableReference>
        </BuildableProductRunnable>
    </TestAction>
    <LaunchAction launchStyle="0" debugDocumentVersioning="YES" useCustomWorkingDirectory="NO" selectedLauncherIdentifier="Xcode.DebuggerFoundation.Launcher.LLDB" buildConfiguration="Debug" ignoresPersistentStateOnLaunch="NO" debugServiceExtension="internal" allowLocationSimulation="YES" selectedDebuggerIdentifier="Xcode.DebuggerFoundation.Debugger.LLDB">
        <EnvironmentVariables></EnvironmentVariables>
        <MacroExpansion>
            <BuildableReference BlueprintIdentifier="5CECA4C16310286C00000000" BuildableName="libwiftFramework-SwiftFrameworkLib.a" BuildableIdentifier="primary" BlueprintName="wiftFramework-SwiftFrameworkLib" ReferencedContainer="container:FooBazel.xcodeproj"></BuildableReference>
        </MacroExpansion>
    </LaunchAction>
    <ProfileAction buildConfiguration="__TulsiTestRunner_Release" useCustomWorkingDirectory="NO" debugDocumentVersioning="YES" shouldUseLaunchSchemeArgsEnv="YES">
        <MacroExpansion>
            <BuildableReference BlueprintName="wiftFramework-SwiftFrameworkLib" ReferencedContainer="container:FooBazel.xcodeproj" BlueprintIdentifier="5CECA4C16310286C00000000" BuildableName="libwiftFramework-SwiftFrameworkLib.a" BuildableIdentifier="primary"></BuildableReference>
        </MacroExpansion>
    </ProfileAction>
    <AnalyzeAction buildConfiguration="Debug"></AnalyzeAction>
    <ArchiveAction revealArchiveInOrganizer="YES" buildConfiguration="Release"></ArchiveAction>
</Scheme>